
Microsoft Visual Studio Solution File, Format Version 12.00
# Visual Studio Version 17
VisualStudioVersion = 17.11.35208.52
MinimumVisualStudioVersion = 10.0.40219.1
Project("{FAE04EC0-301F-11D3-BF4B-00C04F79EFBC}") = "BookingAppRestoria", "BookingAppRestoria.csproj", "{D56B049F-D850-4684-85A7-9E52D1A311FD}"
EndProject
Global
	GlobalSection(SolutionConfigurationPlatforms) = preSolution
		Debug|Any CPU = Debug|Any CPU
		Release|Any CPU = Release|Any CPU
	EndGlobalSection
	GlobalSection(ProjectConfigurationPlatforms) = postSolution
		{D56B049F-D850-4684-85A7-9E52D1A311FD}.Debug|Any CPU.ActiveCfg = Debug|Any CPU
		{D56B049F-D850-4684-85A7-9E52D1A311FD}.Debug|Any CPU.Build.0 = Debug|Any CPU
		{D56B049F-D850-4684-85A7-9E52D1A311FD}.Debug|Any CPU.Deploy.0 = Debug|Any CPU
		{D56B049F-D850-4684-85A7-9E52D1A311FD}.Release|Any CPU.ActiveCfg = Release|Any CPU
		{D56B049F-D850-4684-85A7-9E52D1A311FD}.Release|Any CPU.Build.0 = Release|Any CPU
		{D56B049F-D850-4684-85A7-9E52D1A311FD}.Release|Any CPU.Deploy.0 = Release|Any CPU
	EndGlobalSection
	GlobalSection(SolutionProperties) = preSolution
		HideSolutionNode = FALSE
	EndGlobalSection
	GlobalSection(ExtensibilityGlobals) = postSolution
		SolutionGuid = {0FD83D13-9674-467A-B521-F11819722D01}
	EndGlobalSection
EndGlobal
