
Microsoft Visual Studio Solution File, Format Version 12.00
# Visual Studio Version 17
VisualStudioVersion = 17.10.35122.118
MinimumVisualStudioVersion = 10.0.40219.1
Project("{9A19103F-16F7-4668-BE54-9A1E7A4F7556}") = "restoria", "restoria.csproj", "{11480A5B-E685-4EEE-91E1-C336452B4AEE}"
EndProject
Global
	GlobalSection(SolutionConfigurationPlatforms) = preSolution
		Debug|Any CPU = Debug|Any CPU
		Release|Any CPU = Release|Any CPU
	EndGlobalSection
	GlobalSection(ProjectConfigurationPlatforms) = postSolution
		{11480A5B-E685-4EEE-91E1-C336452B4AEE}.Debug|Any CPU.ActiveCfg = Debug|Any CPU
		{11480A5B-E685-4EEE-91E1-C336452B4AEE}.Debug|Any CPU.Build.0 = Debug|Any CPU
		{11480A5B-E685-4EEE-91E1-C336452B4AEE}.Debug|Any CPU.Deploy.0 = Debug|Any CPU
		{11480A5B-E685-4EEE-91E1-C336452B4AEE}.Release|Any CPU.ActiveCfg = Release|Any CPU
		{11480A5B-E685-4EEE-91E1-C336452B4AEE}.Release|Any CPU.Build.0 = Release|Any CPU
		{11480A5B-E685-4EEE-91E1-C336452B4AEE}.Release|Any CPU.Deploy.0 = Release|Any CPU
	EndGlobalSection
	GlobalSection(SolutionProperties) = preSolution
		HideSolutionNode = FALSE
	EndGlobalSection
	GlobalSection(ExtensibilityGlobals) = postSolution
		SolutionGuid = {82746554-B59F-4F45-A692-D935F89DECA0}
	EndGlobalSection
EndGlobal
